
Microsoft Visual Studio Solution File, Format Version 12.00
# Visual Studio Version 16
VisualStudioVersion = 16.0.31624.102
MinimumVisualStudioVersion = 10.0.40219.1
Project("{FAE04EC0-301F-11D3-BF4B-00C04F79EFBC}") = "Bogatyrev_Project_2", "Bogatyrev_Project_2\Bogatyrev_Project_2.csproj", "{6EA24FDF-83CF-484A-B17F-9DF17314B800}"
EndProject
Global
	GlobalSection(SolutionConfigurationPlatforms) = preSolution
		Debug|Any CPU = Debug|Any CPU
		Release|Any CPU = Release|Any CPU
	EndGlobalSection
	GlobalSection(ProjectConfigurationPlatforms) = postSolution
		{6EA24FDF-83CF-484A-B17F-9DF17314B800}.Debug|Any CPU.ActiveCfg = Debug|Any CPU
		{6EA24FDF-83CF-484A-B17F-9DF17314B800}.Debug|Any CPU.Build.0 = Debug|Any CPU
		{6EA24FDF-83CF-484A-B17F-9DF17314B800}.Release|Any CPU.ActiveCfg = Release|Any CPU
		{6EA24FDF-83CF-484A-B17F-9DF17314B800}.Release|Any CPU.Build.0 = Release|Any CPU
	EndGlobalSection
	GlobalSection(SolutionProperties) = preSolution
		HideSolutionNode = FALSE
	EndGlobalSection
	GlobalSection(ExtensibilityGlobals) = postSolution
		SolutionGuid = {FA30E464-C2D0-4E1A-A22F-F4D335168DFF}
	EndGlobalSection
EndGlobal
